// !$*UTF8*$!
{
	archiveVersion = 1;
	classes = {
	};
	objectVersion = 56;
	objects = {

/* Begin PBXBuildFile section */
		19F68665B0026A340796532B /* Pods_Wind_App_Assessment.framework in Frameworks */ = {isa = PBXBuildFile; fileRef = C3F7DA7239ECA368A9230490 /* Pods_Wind_App_Assessment.framework */; };
		25AAC23329B7B11F0018DAB5 /* AppDelegate.swift in Sources */ = {isa = PBXBuildFile; fileRef = 25AAC23229B7B11F0018DAB5 /* AppDelegate.swift */; };
		25AAC23C29B7B1210018DAB5 /* Assets.xcassets in Resources */ = {isa = PBXBuildFile; fileRef = 25AAC23B29B7B1210018DAB5 /* Assets.xcassets */; };
		25AAC23F29B7B1210018DAB5 /* LaunchScreen.storyboard in Resources */ = {isa = PBXBuildFile; fileRef = 25AAC23D29B7B1210018DAB5 /* LaunchScreen.storyboard */; };
		25AAC24C29B7B49E0018DAB5 /* LoginVC.swift in Sources */ = {isa = PBXBuildFile; fileRef = 25AAC24B29B7B49E0018DAB5 /* LoginVC.swift */; };
		25AAC24E29B7BC8B0018DAB5 /* PropertyWrapper.swift in Sources */ = {isa = PBXBuildFile; fileRef = 25AAC24D29B7BC8B0018DAB5 /* PropertyWrapper.swift */; };
		25AAC25029B7BE550018DAB5 /* Observable.swift in Sources */ = {isa = PBXBuildFile; fileRef = 25AAC24F29B7BE550018DAB5 /* Observable.swift */; };
		25AAC25D29B7C3990018DAB5 /* Theme.swift in Sources */ = {isa = PBXBuildFile; fileRef = 25AAC25C29B7C3990018DAB5 /* Theme.swift */; };
		25AAC26029B7C71F0018DAB5 /* Number+Extension.swift in Sources */ = {isa = PBXBuildFile; fileRef = 25AAC25F29B7C71F0018DAB5 /* Number+Extension.swift */; };
		25AAC26229B7C7D10018DAB5 /* UIColor+Extension.swift in Sources */ = {isa = PBXBuildFile; fileRef = 25AAC26129B7C7D10018DAB5 /* UIColor+Extension.swift */; };
		25AAC26429B7CA8B0018DAB5 /* LoginResource.swift in Sources */ = {isa = PBXBuildFile; fileRef = 25AAC26329B7CA8B0018DAB5 /* LoginResource.swift */; };
		25AAC26629B7CEB20018DAB5 /* ViewControllerBased.swift in Sources */ = {isa = PBXBuildFile; fileRef = 25AAC26529B7CEB20018DAB5 /* ViewControllerBased.swift */; };
		25AAC27B29B7DD720018DAB5 /* OTPTextField.swift in Sources */ = {isa = PBXBuildFile; fileRef = 25AAC27A29B7DD720018DAB5 /* OTPTextField.swift */; };
		25AAC27C29B7EB440018DAB5 /* CircularStd-Black.ttf in Resources */ = {isa = PBXBuildFile; fileRef = 25AAC27129B7D6900018DAB5 /* CircularStd-Black.ttf */; };
		25AAC27D29B7EB440018DAB5 /* CircularStd-BlackItalic.ttf in Resources */ = {isa = PBXBuildFile; fileRef = 25AAC27329B7D6900018DAB5 /* CircularStd-BlackItalic.ttf */; };
		25AAC27E29B7EB440018DAB5 /* CircularStd-Bold.ttf in Resources */ = {isa = PBXBuildFile; fileRef = 25AAC27429B7D6900018DAB5 /* CircularStd-Bold.ttf */; };
		25AAC27F29B7EB440018DAB5 /* CircularStd-BoldItalic.ttf in Resources */ = {isa = PBXBuildFile; fileRef = 25AAC27529B7D6900018DAB5 /* CircularStd-BoldItalic.ttf */; };
		25AAC28029B7EB440018DAB5 /* CircularStd-Book.ttf in Resources */ = {isa = PBXBuildFile; fileRef = 25AAC27829B7D6910018DAB5 /* CircularStd-Book.ttf */; };
		25AAC28129B7EB440018DAB5 /* CircularStd-BookItalic.ttf in Resources */ = {isa = PBXBuildFile; fileRef = 25AAC27729B7D6900018DAB5 /* CircularStd-BookItalic.ttf */; };
		25AAC28229B7EB440018DAB5 /* CircularStd-Medium.ttf in Resources */ = {isa = PBXBuildFile; fileRef = 25AAC27229B7D6900018DAB5 /* CircularStd-Medium.ttf */; };
		25AAC28329B7EB440018DAB5 /* CircularStd-MediumItalic.ttf in Resources */ = {isa = PBXBuildFile; fileRef = 25AAC27629B7D6900018DAB5 /* CircularStd-MediumItalic.ttf */; };
		25AAC28529B7F6630018DAB5 /* TransferFundVC.swift in Sources */ = {isa = PBXBuildFile; fileRef = 25AAC28429B7F6620018DAB5 /* TransferFundVC.swift */; };
		25AAC28729B85B290018DAB5 /* TransferFundResource.swift in Sources */ = {isa = PBXBuildFile; fileRef = 25AAC28629B85B290018DAB5 /* TransferFundResource.swift */; };
		25AAC28929B869D40018DAB5 /* TransferFundRecipientView.swift in Sources */ = {isa = PBXBuildFile; fileRef = 25AAC28829B869D40018DAB5 /* TransferFundRecipientView.swift */; };
		25AAC28B29B883A70018DAB5 /* UIView+Extension.swift in Sources */ = {isa = PBXBuildFile; fileRef = 25AAC28A29B883A70018DAB5 /* UIView+Extension.swift */; };
		25AAC28D29B889350018DAB5 /* TransferFundAmountInputView.swift in Sources */ = {isa = PBXBuildFile; fileRef = 25AAC28C29B889350018DAB5 /* TransferFundAmountInputView.swift */; };
		25AAC28F29B89AA00018DAB5 /* TransferFundViewModel.swift in Sources */ = {isa = PBXBuildFile; fileRef = 25AAC28E29B89AA00018DAB5 /* TransferFundViewModel.swift */; };
		25AAC29129B915A70018DAB5 /* String+Extension.swift in Sources */ = {isa = PBXBuildFile; fileRef = 25AAC29029B915A70018DAB5 /* String+Extension.swift */; };
		25AAC29329B919C50018DAB5 /* ApiService.swift in Sources */ = {isa = PBXBuildFile; fileRef = 25AAC29229B919C50018DAB5 /* ApiService.swift */; };
		25AAC29529B91A220018DAB5 /* BaseRouter.swift in Sources */ = {isa = PBXBuildFile; fileRef = 25AAC29429B91A220018DAB5 /* BaseRouter.swift */; };
		25AAC29729B91F2E0018DAB5 /* LoginApiService.swift in Sources */ = {isa = PBXBuildFile; fileRef = 25AAC29629B91F2E0018DAB5 /* LoginApiService.swift */; };
		25AAC29929B91F9D0018DAB5 /* LoginRouter.swift in Sources */ = {isa = PBXBuildFile; fileRef = 25AAC29829B91F9D0018DAB5 /* LoginRouter.swift */; };
		25AAC29B29B922EC0018DAB5 /* LoginModel.swift in Sources */ = {isa = PBXBuildFile; fileRef = 25AAC29A29B922EC0018DAB5 /* LoginModel.swift */; };
/* End PBXBuildFile section */

/* Begin PBXFileReference section */
		25AAC22F29B7B11F0018DAB5 /* Wind App Assessment.app */ = {isa = PBXFileReference; explicitFileType = wrapper.application; includeInIndex = 0; path = "Wind App Assessment.app"; sourceTree = BUILT_PRODUCTS_DIR; };
		25AAC23229B7B11F0018DAB5 /* AppDelegate.swift */ = {isa = PBXFileReference; lastKnownFileType = sourcecode.swift; path = AppDelegate.swift; sourceTree = "<group>"; };
		25AAC23B29B7B1210018DAB5 /* Assets.xcassets */ = {isa = PBXFileReference; lastKnownFileType = folder.assetcatalog; path = Assets.xcassets; sourceTree = "<group>"; };
		25AAC23E29B7B1210018DAB5 /* Base */ = {isa = PBXFileReference; lastKnownFileType = file.storyboard; name = Base; path = Base.lproj/LaunchScreen.storyboard; sourceTree = "<group>"; };
		25AAC24029B7B1210018DAB5 /* Info.plist */ = {isa = PBXFileReference; lastKnownFileType = text.plist.xml; path = Info.plist; sourceTree = "<group>"; };
		25AAC24B29B7B49E0018DAB5 /* LoginVC.swift */ = {isa = PBXFileReference; lastKnownFileType = sourcecode.swift; path = LoginVC.swift; sourceTree = "<group>"; };
		25AAC24D29B7BC8B0018DAB5 /* PropertyWrapper.swift */ = {isa = PBXFileReference; lastKnownFileType = sourcecode.swift; path = PropertyWrapper.swift; sourceTree = "<group>"; };
		25AAC24F29B7BE550018DAB5 /* Observable.swift */ = {isa = PBXFileReference; lastKnownFileType = sourcecode.swift; path = Observable.swift; sourceTree = "<group>"; };
		25AAC25C29B7C3990018DAB5 /* Theme.swift */ = {isa = PBXFileReference; lastKnownFileType = sourcecode.swift; path = Theme.swift; sourceTree = "<group>"; };
		25AAC25F29B7C71F0018DAB5 /* Number+Extension.swift */ = {isa = PBXFileReference; lastKnownFileType = sourcecode.swift; path = "Number+Extension.swift"; sourceTree = "<group>"; };
		25AAC26129B7C7D10018DAB5 /* UIColor+Extension.swift */ = {isa = PBXFileReference; lastKnownFileType = sourcecode.swift; path = "UIColor+Extension.swift"; sourceTree = "<group>"; };
		25AAC26329B7CA8B0018DAB5 /* LoginResource.swift */ = {isa = PBXFileReference; lastKnownFileType = sourcecode.swift; path = LoginResource.swift; sourceTree = "<group>"; };
		25AAC26529B7CEB20018DAB5 /* ViewControllerBased.swift */ = {isa = PBXFileReference; lastKnownFileType = sourcecode.swift; path = ViewControllerBased.swift; sourceTree = "<group>"; };
		25AAC27129B7D6900018DAB5 /* CircularStd-Black.ttf */ = {isa = PBXFileReference; lastKnownFileType = file; path = "CircularStd-Black.ttf"; sourceTree = "<group>"; };
		25AAC27229B7D6900018DAB5 /* CircularStd-Medium.ttf */ = {isa = PBXFileReference; lastKnownFileType = file; path = "CircularStd-Medium.ttf"; sourceTree = "<group>"; };
		25AAC27329B7D6900018DAB5 /* CircularStd-BlackItalic.ttf */ = {isa = PBXFileReference; lastKnownFileType = file; path = "CircularStd-BlackItalic.ttf"; sourceTree = "<group>"; };
		25AAC27429B7D6900018DAB5 /* CircularStd-Bold.ttf */ = {isa = PBXFileReference; lastKnownFileType = file; path = "CircularStd-Bold.ttf"; sourceTree = "<group>"; };
		25AAC27529B7D6900018DAB5 /* CircularStd-BoldItalic.ttf */ = {isa = PBXFileReference; lastKnownFileType = file; path = "CircularStd-BoldItalic.ttf"; sourceTree = "<group>"; };
		25AAC27629B7D6900018DAB5 /* CircularStd-MediumItalic.ttf */ = {isa = PBXFileReference; lastKnownFileType = file; path = "CircularStd-MediumItalic.ttf"; sourceTree = "<group>"; };
		25AAC27729B7D6900018DAB5 /* CircularStd-BookItalic.ttf */ = {isa = PBXFileReference; lastKnownFileType = file; path = "CircularStd-BookItalic.ttf"; sourceTree = "<group>"; };
		25AAC27829B7D6910018DAB5 /* CircularStd-Book.ttf */ = {isa = PBXFileReference; lastKnownFileType = file; path = "CircularStd-Book.ttf"; sourceTree = "<group>"; };
		25AAC27A29B7DD720018DAB5 /* OTPTextField.swift */ = {isa = PBXFileReference; lastKnownFileType = sourcecode.swift; path = OTPTextField.swift; sourceTree = "<group>"; };
		25AAC28429B7F6620018DAB5 /* TransferFundVC.swift */ = {isa = PBXFileReference; lastKnownFileType = sourcecode.swift; path = TransferFundVC.swift; sourceTree = "<group>"; };
		25AAC28629B85B290018DAB5 /* TransferFundResource.swift */ = {isa = PBXFileReference; lastKnownFileType = sourcecode.swift; path = TransferFundResource.swift; sourceTree = "<group>"; };
		25AAC28829B869D40018DAB5 /* TransferFundRecipientView.swift */ = {isa = PBXFileReference; lastKnownFileType = sourcecode.swift; path = TransferFundRecipientView.swift; sourceTree = "<group>"; };
		25AAC28A29B883A70018DAB5 /* UIView+Extension.swift */ = {isa = PBXFileReference; lastKnownFileType = sourcecode.swift; path = "UIView+Extension.swift"; sourceTree = "<group>"; };
		25AAC28C29B889350018DAB5 /* TransferFundAmountInputView.swift */ = {isa = PBXFileReference; lastKnownFileType = sourcecode.swift; path = TransferFundAmountInputView.swift; sourceTree = "<group>"; };
		25AAC28E29B89AA00018DAB5 /* TransferFundViewModel.swift */ = {isa = PBXFileReference; lastKnownFileType = sourcecode.swift; path = TransferFundViewModel.swift; sourceTree = "<group>"; };
		25AAC29029B915A70018DAB5 /* String+Extension.swift */ = {isa = PBXFileReference; lastKnownFileType = sourcecode.swift; path = "String+Extension.swift"; sourceTree = "<group>"; };
		25AAC29229B919C50018DAB5 /* ApiService.swift */ = {isa = PBXFileReference; lastKnownFileType = sourcecode.swift; path = ApiService.swift; sourceTree = "<group>"; };
		25AAC29429B91A220018DAB5 /* BaseRouter.swift */ = {isa = PBXFileReference; lastKnownFileType = sourcecode.swift; path = BaseRouter.swift; sourceTree = "<group>"; };
		25AAC29629B91F2E0018DAB5 /* LoginApiService.swift */ = {isa = PBXFileReference; lastKnownFileType = sourcecode.swift; path = LoginApiService.swift; sourceTree = "<group>"; };
		25AAC29829B91F9D0018DAB5 /* LoginRouter.swift */ = {isa = PBXFileReference; lastKnownFileType = sourcecode.swift; path = LoginRouter.swift; sourceTree = "<group>"; };
		25AAC29A29B922EC0018DAB5 /* LoginModel.swift */ = {isa = PBXFileReference; lastKnownFileType = sourcecode.swift; path = LoginModel.swift; sourceTree = "<group>"; };
		93CC7013F34DA88D391FCE6B /* Pods-Wind App Assessment.release.xcconfig */ = {isa = PBXFileReference; includeInIndex = 1; lastKnownFileType = text.xcconfig; name = "Pods-Wind App Assessment.release.xcconfig"; path = "Target Support Files/Pods-Wind App Assessment/Pods-Wind App Assessment.release.xcconfig"; sourceTree = "<group>"; };
		C3F7DA7239ECA368A9230490 /* Pods_Wind_App_Assessment.framework */ = {isa = PBXFileReference; explicitFileType = wrapper.framework; includeInIndex = 0; path = Pods_Wind_App_Assessment.framework; sourceTree = BUILT_PRODUCTS_DIR; };
		EDC76E78CC14A7F34A59C034 /* Pods-Wind App Assessment.debug.xcconfig */ = {isa = PBXFileReference; includeInIndex = 1; lastKnownFileType = text.xcconfig; name = "Pods-Wind App Assessment.debug.xcconfig"; path = "Target Support Files/Pods-Wind App Assessment/Pods-Wind App Assessment.debug.xcconfig"; sourceTree = "<group>"; };
/* End PBXFileReference section */

/* Begin PBXFrameworksBuildPhase section */
		25AAC22C29B7B11F0018DAB5 /* Frameworks */ = {
			isa = PBXFrameworksBuildPhase;
			buildActionMask = 2147483647;
			files = (
				19F68665B0026A340796532B /* Pods_Wind_App_Assessment.framework in Frameworks */,
			);
			runOnlyForDeploymentPostprocessing = 0;
		};
/* End PBXFrameworksBuildPhase section */

/* Begin PBXGroup section */
		25AAC22629B7B11F0018DAB5 = {
			isa = PBXGroup;
			children = (
				25AAC23129B7B11F0018DAB5 /* Wind App Assessment */,
				25AAC23029B7B11F0018DAB5 /* Products */,
				90370EB34754E7C8C0996539 /* Pods */,
				7A8C432E18287EBE8F020B27 /* Frameworks */,
			);
			sourceTree = "<group>";
		};
		25AAC23029B7B11F0018DAB5 /* Products */ = {
			isa = PBXGroup;
			children = (
				25AAC22F29B7B11F0018DAB5 /* Wind App Assessment.app */,
			);
			name = Products;
			sourceTree = "<group>";
		};
		25AAC23129B7B11F0018DAB5 /* Wind App Assessment */ = {
			isa = PBXGroup;
			children = (
				25AAC24A29B7B41B0018DAB5 /* SupportingFiles */,
				25AAC24929B7B3EB0018DAB5 /* Shared */,
				25AAC24629B7B36F0018DAB5 /* Feature */,
			);
			path = "Wind App Assessment";
			sourceTree = "<group>";
		};
		25AAC24629B7B36F0018DAB5 /* Feature */ = {
			isa = PBXGroup;
			children = (
				25AAC24829B7B3870018DAB5 /* Transfer */,
				25AAC24729B7B37E0018DAB5 /* Login */,
			);
			path = Feature;
			sourceTree = "<group>";
		};
		25AAC24729B7B37E0018DAB5 /* Login */ = {
			isa = PBXGroup;
			children = (
				25AAC29E29B9233D0018DAB5 /* model */,
				25AAC29C29B923180018DAB5 /* view */,
				25AAC29D29B923330018DAB5 /* service */,
				25AAC29F29B923490018DAB5 /* utils */,
			);
			path = Login;
			sourceTree = "<group>";
		};
		25AAC24829B7B3870018DAB5 /* Transfer */ = {
			isa = PBXGroup;
			children = (
				25AAC28429B7F6620018DAB5 /* TransferFundVC.swift */,
				25AAC28629B85B290018DAB5 /* TransferFundResource.swift */,
				25AAC28829B869D40018DAB5 /* TransferFundRecipientView.swift */,
				25AAC28C29B889350018DAB5 /* TransferFundAmountInputView.swift */,
				25AAC28E29B89AA00018DAB5 /* TransferFundViewModel.swift */,
			);
			path = Transfer;
			sourceTree = "<group>";
		};
		25AAC24929B7B3EB0018DAB5 /* Shared */ = {
			isa = PBXGroup;
			children = (
				25AAC27929B7D69B0018DAB5 /* Fonts */,
				25AAC25E29B7C7030018DAB5 /* Extension */,
				25AAC25B29B7C38C0018DAB5 /* Theme */,
				25AAC25A29B7C1CD0018DAB5 /* Resource */,
			);
			path = Shared;
			sourceTree = "<group>";
		};
		25AAC24A29B7B41B0018DAB5 /* SupportingFiles */ = {
			isa = PBXGroup;
			children = (
				25AAC23229B7B11F0018DAB5 /* AppDelegate.swift */,
				25AAC23B29B7B1210018DAB5 /* Assets.xcassets */,
				25AAC23D29B7B1210018DAB5 /* LaunchScreen.storyboard */,
				25AAC24029B7B1210018DAB5 /* Info.plist */,
			);
			name = SupportingFiles;
			sourceTree = "<group>";
		};
		25AAC25A29B7C1CD0018DAB5 /* Resource */ = {
			isa = PBXGroup;
			children = (
				25AAC24D29B7BC8B0018DAB5 /* PropertyWrapper.swift */,
				25AAC24F29B7BE550018DAB5 /* Observable.swift */,
				25AAC26529B7CEB20018DAB5 /* ViewControllerBased.swift */,
				25AAC27A29B7DD720018DAB5 /* OTPTextField.swift */,
				25AAC29229B919C50018DAB5 /* ApiService.swift */,
				25AAC29429B91A220018DAB5 /* BaseRouter.swift */,
			);
			path = Resource;
			sourceTree = "<group>";
		};
		25AAC25B29B7C38C0018DAB5 /* Theme */ = {
			isa = PBXGroup;
			children = (
				25AAC25C29B7C3990018DAB5 /* Theme.swift */,
			);
			path = Theme;
			sourceTree = "<group>";
		};
		25AAC25E29B7C7030018DAB5 /* Extension */ = {
			isa = PBXGroup;
			children = (
				25AAC25F29B7C71F0018DAB5 /* Number+Extension.swift */,
				25AAC26129B7C7D10018DAB5 /* UIColor+Extension.swift */,
				25AAC28A29B883A70018DAB5 /* UIView+Extension.swift */,
				25AAC29029B915A70018DAB5 /* String+Extension.swift */,
			);
			path = Extension;
			sourceTree = "<group>";
		};
		25AAC27929B7D69B0018DAB5 /* Fonts */ = {
			isa = PBXGroup;
			children = (
				25AAC27129B7D6900018DAB5 /* CircularStd-Black.ttf */,
				25AAC27329B7D6900018DAB5 /* CircularStd-BlackItalic.ttf */,
				25AAC27429B7D6900018DAB5 /* CircularStd-Bold.ttf */,
				25AAC27529B7D6900018DAB5 /* CircularStd-BoldItalic.ttf */,
				25AAC27829B7D6910018DAB5 /* CircularStd-Book.ttf */,
				25AAC27729B7D6900018DAB5 /* CircularStd-BookItalic.ttf */,
				25AAC27229B7D6900018DAB5 /* CircularStd-Medium.ttf */,
				25AAC27629B7D6900018DAB5 /* CircularStd-MediumItalic.ttf */,
			);
			path = Fonts;
			sourceTree = "<group>";
		};
		25AAC29C29B923180018DAB5 /* view */ = {
			isa = PBXGroup;
			children = (
				25AAC24B29B7B49E0018DAB5 /* LoginVC.swift */,
			);
			path = view;
			sourceTree = "<group>";
		};
		25AAC29D29B923330018DAB5 /* service */ = {
			isa = PBXGroup;
			children = (
				25AAC29629B91F2E0018DAB5 /* LoginApiService.swift */,
				25AAC29829B91F9D0018DAB5 /* LoginRouter.swift */,
			);
			path = service;
			sourceTree = "<group>";
		};
		25AAC29E29B9233D0018DAB5 /* model */ = {
			isa = PBXGroup;
			children = (
				25AAC29A29B922EC0018DAB5 /* LoginModel.swift */,
			);
			path = model;
			sourceTree = "<group>";
		};
		25AAC29F29B923490018DAB5 /* utils */ = {
			isa = PBXGroup;
			children = (
				25AAC26329B7CA8B0018DAB5 /* LoginResource.swift */,
			);
			path = utils;
			sourceTree = "<group>";
		};
		7A8C432E18287EBE8F020B27 /* Frameworks */ = {
			isa = PBXGroup;
			children = (
				C3F7DA7239ECA368A9230490 /* Pods_Wind_App_Assessment.framework */,
			);
			name = Frameworks;
			sourceTree = "<group>";
		};
		90370EB34754E7C8C0996539 /* Pods */ = {
			isa = PBXGroup;
			children = (
				EDC76E78CC14A7F34A59C034 /* Pods-Wind App Assessment.debug.xcconfig */,
				93CC7013F34DA88D391FCE6B /* Pods-Wind App Assessment.release.xcconfig */,
			);
			path = Pods;
			sourceTree = "<group>";
		};
/* End PBXGroup section */

/* Begin PBXNativeTarget section */
		25AAC22E29B7B11F0018DAB5 /* Wind App Assessment */ = {
			isa = PBXNativeTarget;
			buildConfigurationList = 25AAC24329B7B1210018DAB5 /* Build configuration list for PBXNativeTarget "Wind App Assessment" */;
			buildPhases = (
				BD58F79B12C63808FEB25A87 /* [CP] Check Pods Manifest.lock */,
				25AAC22B29B7B11F0018DAB5 /* Sources */,
				25AAC22C29B7B11F0018DAB5 /* Frameworks */,
				25AAC22D29B7B11F0018DAB5 /* Resources */,
				6A649B995140360064B82025 /* [CP] Embed Pods Frameworks */,
			);
			buildRules = (
			);
			dependencies = (
			);
			name = "Wind App Assessment";
			productName = "Wind App Assessment";
			productReference = 25AAC22F29B7B11F0018DAB5 /* Wind App Assessment.app */;
			productType = "com.apple.product-type.application";
		};
/* End PBXNativeTarget section */

/* Begin PBXProject section */
		25AAC22729B7B11F0018DAB5 /* Project object */ = {
			isa = PBXProject;
			attributes = {
				BuildIndependentTargetsInParallel = 1;
				LastSwiftUpdateCheck = 1420;
				LastUpgradeCheck = 1420;
				TargetAttributes = {
					25AAC22E29B7B11F0018DAB5 = {
						CreatedOnToolsVersion = 14.2;
					};
				};
			};
			buildConfigurationList = 25AAC22A29B7B11F0018DAB5 /* Build configuration list for PBXProject "Wind App Assessment" */;
			compatibilityVersion = "Xcode 14.0";
			developmentRegion = en;
			hasScannedForEncodings = 0;
			knownRegions = (
				en,
				Base,
			);
			mainGroup = 25AAC22629B7B11F0018DAB5;
			productRefGroup = 25AAC23029B7B11F0018DAB5 /* Products */;
			projectDirPath = "";
			projectRoot = "";
			targets = (
				25AAC22E29B7B11F0018DAB5 /* Wind App Assessment */,
			);
		};
/* End PBXProject section */

/* Begin PBXResourcesBuildPhase section */
		25AAC22D29B7B11F0018DAB5 /* Resources */ = {
			isa = PBXResourcesBuildPhase;
			buildActionMask = 2147483647;
			files = (
				25AAC27C29B7EB440018DAB5 /* CircularStd-Black.ttf in Resources */,
				25AAC27D29B7EB440018DAB5 /* CircularStd-BlackItalic.ttf in Resources */,
				25AAC27E29B7EB440018DAB5 /* CircularStd-Bold.ttf in Resources */,
				25AAC27F29B7EB440018DAB5 /* CircularStd-BoldItalic.ttf in Resources */,
				25AAC28029B7EB440018DAB5 /* CircularStd-Book.ttf in Resources */,
				25AAC28129B7EB440018DAB5 /* CircularStd-BookItalic.ttf in Resources */,
				25AAC28229B7EB440018DAB5 /* CircularStd-Medium.ttf in Resources */,
				25AAC28329B7EB440018DAB5 /* CircularStd-MediumItalic.ttf in Resources */,
				25AAC23F29B7B1210018DAB5 /* LaunchScreen.storyboard in Resources */,
				25AAC23C29B7B1210018DAB5 /* Assets.xcassets in Resources */,
			);
			runOnlyForDeploymentPostprocessing = 0;
		};
/* End PBXResourcesBuildPhase section */

/* Begin PBXShellScriptBuildPhase section */
		6A649B995140360064B82025 /* [CP] Embed Pods Frameworks */ = {
			isa = PBXShellScriptBuildPhase;
			buildActionMask = 2147483647;
			files = (
			);
			inputFileListPaths = (
				"${PODS_ROOT}/Target Support Files/Pods-Wind App Assessment/Pods-Wind App Assessment-frameworks-${CONFIGURATION}-input-files.xcfilelist",
			);
			name = "[CP] Embed Pods Frameworks";
			outputFileListPaths = (
				"${PODS_ROOT}/Target Support Files/Pods-Wind App Assessment/Pods-Wind App Assessment-frameworks-${CONFIGURATION}-output-files.xcfilelist",
			);
			runOnlyForDeploymentPostprocessing = 0;
			shellPath = /bin/sh;
			shellScript = "\"${PODS_ROOT}/Target Support Files/Pods-Wind App Assessment/Pods-Wind App Assessment-frameworks.sh\"\n";
			showEnvVarsInLog = 0;
		};
		BD58F79B12C63808FEB25A87 /* [CP] Check Pods Manifest.lock */ = {
			isa = PBXShellScriptBuildPhase;
			buildActionMask = 2147483647;
			files = (
			);
			inputFileListPaths = (
			);
			inputPaths = (
				"${PODS_PODFILE_DIR_PATH}/Podfile.lock",
				"${PODS_ROOT}/Manifest.lock",
			);
			name = "[CP] Check Pods Manifest.lock";
			outputFileListPaths = (
			);
			outputPaths = (
				"$(DERIVED_FILE_DIR)/Pods-Wind App Assessment-checkManifestLockResult.txt",
			);
			runOnlyForDeploymentPostprocessing = 0;
			shellPath = /bin/sh;
			shellScript = "diff \"${PODS_PODFILE_DIR_PATH}/Podfile.lock\" \"${PODS_ROOT}/Manifest.lock\" > /dev/null\nif [ $? != 0 ] ; then\n    # print error to STDERR\n    echo \"error: The sandbox is not in sync with the Podfile.lock. Run 'pod install' or update your CocoaPods installation.\" >&2\n    exit 1\nfi\n# This output is used by Xcode 'outputs' to avoid re-running this script phase.\necho \"SUCCESS\" > \"${SCRIPT_OUTPUT_FILE_0}\"\n";
			showEnvVarsInLog = 0;
		};
/* End PBXShellScriptBuildPhase section */

/* Begin PBXSourcesBuildPhase section */
		25AAC22B29B7B11F0018DAB5 /* Sources */ = {
			isa = PBXSourcesBuildPhase;
			buildActionMask = 2147483647;
			files = (
				25AAC26229B7C7D10018DAB5 /* UIColor+Extension.swift in Sources */,
				25AAC26029B7C71F0018DAB5 /* Number+Extension.swift in Sources */,
				25AAC25029B7BE550018DAB5 /* Observable.swift in Sources */,
				25AAC29B29B922EC0018DAB5 /* LoginModel.swift in Sources */,
				25AAC28929B869D40018DAB5 /* TransferFundRecipientView.swift in Sources */,
				25AAC29729B91F2E0018DAB5 /* LoginApiService.swift in Sources */,
				25AAC29929B91F9D0018DAB5 /* LoginRouter.swift in Sources */,
				25AAC28F29B89AA00018DAB5 /* TransferFundViewModel.swift in Sources */,
				25AAC28729B85B290018DAB5 /* TransferFundResource.swift in Sources */,
				25AAC28D29B889350018DAB5 /* TransferFundAmountInputView.swift in Sources */,
				25AAC24C29B7B49E0018DAB5 /* LoginVC.swift in Sources */,
				25AAC29129B915A70018DAB5 /* String+Extension.swift in Sources */,
				25AAC25D29B7C3990018DAB5 /* Theme.swift in Sources */,
				25AAC23329B7B11F0018DAB5 /* AppDelegate.swift in Sources */,
				25AAC28B29B883A70018DAB5 /* UIView+Extension.swift in Sources */,
				25AAC24E29B7BC8B0018DAB5 /* PropertyWrapper.swift in Sources */,
				25AAC29529B91A220018DAB5 /* BaseRouter.swift in Sources */,
				25AAC28529B7F6630018DAB5 /* TransferFundVC.swift in Sources */,
				25AAC29329B919C50018DAB5 /* ApiService.swift in Sources */,
				25AAC26629B7CEB20018DAB5 /* ViewControllerBased.swift in Sources */,
				25AAC26429B7CA8B0018DAB5 /* LoginResource.swift in Sources */,
				25AAC27B29B7DD720018DAB5 /* OTPTextField.swift in Sources */,
			);
			runOnlyForDeploymentPostprocessing = 0;
		};
/* End PBXSourcesBuildPhase section */

/* Begin PBXVariantGroup section */
		25AAC23D29B7B1210018DAB5 /* LaunchScreen.storyboard */ = {
			isa = PBXVariantGroup;
			children = (
				25AAC23E29B7B1210018DAB5 /* Base */,
			);
			name = LaunchScreen.storyboard;
			sourceTree = "<group>";
		};
/* End PBXVariantGroup section */

/* Begin XCBuildConfiguration section */
		25AAC24129B7B1210018DAB5 /* Debug */ = {
			isa = XCBuildConfiguration;
			buildSettings = {
				ALWAYS_SEARCH_USER_PATHS = NO;
				CLANG_ANALYZER_NONNULL = YES;
				CLANG_ANALYZER_NUMBER_OBJECT_CONVERSION = YES_AGGRESSIVE;
				CLANG_CXX_LANGUAGE_STANDARD = "gnu++20";
				CLANG_ENABLE_MODULES = YES;
				CLANG_ENABLE_OBJC_ARC = YES;
				CLANG_ENABLE_OBJC_WEAK = YES;
				CLANG_WARN_BLOCK_CAPTURE_AUTORELEASING = YES;
				CLANG_WARN_BOOL_CONVERSION = YES;
				CLANG_WARN_COMMA = YES;
				CLANG_WARN_CONSTANT_CONVERSION = YES;
				CLANG_WARN_DEPRECATED_OBJC_IMPLEMENTATIONS = YES;
				CLANG_WARN_DIRECT_OBJC_ISA_USAGE = YES_ERROR;
				CLANG_WARN_DOCUMENTATION_COMMENTS = YES;
				CLANG_WARN_EMPTY_BODY = YES;
				CLANG_WARN_ENUM_CONVERSION = YES;
				CLANG_WARN_INFINITE_RECURSION = YES;
				CLANG_WARN_INT_CONVERSION = YES;
				CLANG_WARN_NON_LITERAL_NULL_CONVERSION = YES;
				CLANG_WARN_OBJC_IMPLICIT_RETAIN_SELF = YES;
				CLANG_WARN_OBJC_LITERAL_CONVERSION = YES;
				CLANG_WARN_OBJC_ROOT_CLASS = YES_ERROR;
				CLANG_WARN_QUOTED_INCLUDE_IN_FRAMEWORK_HEADER = YES;
				CLANG_WARN_RANGE_LOOP_ANALYSIS = YES;
				CLANG_WARN_STRICT_PROTOTYPES = YES;
				CLANG_WARN_SUSPICIOUS_MOVE = YES;
				CLANG_WARN_UNGUARDED_AVAILABILITY = YES_AGGRESSIVE;
				CLANG_WARN_UNREACHABLE_CODE = YES;
				CLANG_WARN__DUPLICATE_METHOD_MATCH = YES;
				COPY_PHASE_STRIP = NO;
				DEBUG_INFORMATION_FORMAT = dwarf;
				ENABLE_STRICT_OBJC_MSGSEND = YES;
				ENABLE_TESTABILITY = YES;
				GCC_C_LANGUAGE_STANDARD = gnu11;
				GCC_DYNAMIC_NO_PIC = NO;
				GCC_NO_COMMON_BLOCKS = YES;
				GCC_OPTIMIZATION_LEVEL = 0;
				GCC_PREPROCESSOR_DEFINITIONS = (
					"DEBUG=1",
					"$(inherited)",
				);
				GCC_WARN_64_TO_32_BIT_CONVERSION = YES;
				GCC_WARN_ABOUT_RETURN_TYPE = YES_ERROR;
				GCC_WARN_UNDECLARED_SELECTOR = YES;
				GCC_WARN_UNINITIALIZED_AUTOS = YES_AGGRESSIVE;
				GCC_WARN_UNUSED_FUNCTION = YES;
				GCC_WARN_UNUSED_VARIABLE = YES;
				IPHONEOS_DEPLOYMENT_TARGET = 12.0;
				MTL_ENABLE_DEBUG_INFO = INCLUDE_SOURCE;
				MTL_FAST_MATH = YES;
				ONLY_ACTIVE_ARCH = YES;
				SDKROOT = iphoneos;
				SWIFT_ACTIVE_COMPILATION_CONDITIONS = DEBUG;
				SWIFT_OPTIMIZATION_LEVEL = "-Onone";
			};
			name = Debug;
		};
		25AAC24229B7B1210018DAB5 /* Release */ = {
			isa = XCBuildConfiguration;
			buildSettings = {
				ALWAYS_SEARCH_USER_PATHS = NO;
				CLANG_ANALYZER_NONNULL = YES;
				CLANG_ANALYZER_NUMBER_OBJECT_CONVERSION = YES_AGGRESSIVE;
				CLANG_CXX_LANGUAGE_STANDARD = "gnu++20";
				CLANG_ENABLE_MODULES = YES;
				CLANG_ENABLE_OBJC_ARC = YES;
				CLANG_ENABLE_OBJC_WEAK = YES;
				CLANG_WARN_BLOCK_CAPTURE_AUTORELEASING = YES;
				CLANG_WARN_BOOL_CONVERSION = YES;
				CLANG_WARN_COMMA = YES;
				CLANG_WARN_CONSTANT_CONVERSION = YES;
				CLANG_WARN_DEPRECATED_OBJC_IMPLEMENTATIONS = YES;
				CLANG_WARN_DIRECT_OBJC_ISA_USAGE = YES_ERROR;
				CLANG_WARN_DOCUMENTATION_COMMENTS = YES;
				CLANG_WARN_EMPTY_BODY = YES;
				CLANG_WARN_ENUM_CONVERSION = YES;
				CLANG_WARN_INFINITE_RECURSION = YES;
				CLANG_WARN_INT_CONVERSION = YES;
				CLANG_WARN_NON_LITERAL_NULL_CONVERSION = YES;
				CLANG_WARN_OBJC_IMPLICIT_RETAIN_SELF = YES;
				CLANG_WARN_OBJC_LITERAL_CONVERSION = YES;
				CLANG_WARN_OBJC_ROOT_CLASS = YES_ERROR;
				CLANG_WARN_QUOTED_INCLUDE_IN_FRAMEWORK_HEADER = YES;
				CLANG_WARN_RANGE_LOOP_ANALYSIS = YES;
				CLANG_WARN_STRICT_PROTOTYPES = YES;
				CLANG_WARN_SUSPICIOUS_MOVE = YES;
				CLANG_WARN_UNGUARDED_AVAILABILITY = YES_AGGRESSIVE;
				CLANG_WARN_UNREACHABLE_CODE = YES;
				CLANG_WARN__DUPLICATE_METHOD_MATCH = YES;
				COPY_PHASE_STRIP = NO;
				DEBUG_INFORMATION_FORMAT = "dwarf-with-dsym";
				ENABLE_NS_ASSERTIONS = NO;
				ENABLE_STRICT_OBJC_MSGSEND = YES;
				GCC_C_LANGUAGE_STANDARD = gnu11;
				GCC_NO_COMMON_BLOCKS = YES;
				GCC_WARN_64_TO_32_BIT_CONVERSION = YES;
				GCC_WARN_ABOUT_RETURN_TYPE = YES_ERROR;
				GCC_WARN_UNDECLARED_SELECTOR = YES;
				GCC_WARN_UNINITIALIZED_AUTOS = YES_AGGRESSIVE;
				GCC_WARN_UNUSED_FUNCTION = YES;
				GCC_WARN_UNUSED_VARIABLE = YES;
				IPHONEOS_DEPLOYMENT_TARGET = 12.0;
				MTL_ENABLE_DEBUG_INFO = NO;
				MTL_FAST_MATH = YES;
				SDKROOT = iphoneos;
				SWIFT_COMPILATION_MODE = wholemodule;
				SWIFT_OPTIMIZATION_LEVEL = "-O";
				VALIDATE_PRODUCT = YES;
			};
			name = Release;
		};
		25AAC24429B7B1210018DAB5 /* Debug */ = {
			isa = XCBuildConfiguration;
			baseConfigurationReference = EDC76E78CC14A7F34A59C034 /* Pods-Wind App Assessment.debug.xcconfig */;
			buildSettings = {
				ASSETCATALOG_COMPILER_APPICON_NAME = AppIcon;
				ASSETCATALOG_COMPILER_GLOBAL_ACCENT_COLOR_NAME = AccentColor;
				CODE_SIGN_STYLE = Automatic;
				CURRENT_PROJECT_VERSION = 1;
				DEVELOPMENT_TEAM = 6256BT5YL5;
				GENERATE_INFOPLIST_FILE = YES;
				INFOPLIST_FILE = "Wind App Assessment/Info.plist";
				INFOPLIST_KEY_CFBundleDisplayName = wind.app;
				INFOPLIST_KEY_LSApplicationCategoryType = "public.app-category.finance";
				INFOPLIST_KEY_UIApplicationSupportsIndirectInputEvents = YES;
				INFOPLIST_KEY_UILaunchStoryboardName = LaunchScreen;
				INFOPLIST_KEY_UISupportedInterfaceOrientations = UIInterfaceOrientationPortrait;
				INFOPLIST_KEY_UISupportedInterfaceOrientations_iPad = "UIInterfaceOrientationLandscapeLeft UIInterfaceOrientationLandscapeRight UIInterfaceOrientationPortrait UIInterfaceOrientationPortraitUpsideDown";
				IPHONEOS_DEPLOYMENT_TARGET = 12.0;
				LD_RUNPATH_SEARCH_PATHS = (
					"$(inherited)",
					"@executable_path/Frameworks",
				);
				MARKETING_VERSION = 1.0;
				PRODUCT_BUNDLE_IDENTIFIER = "net.mdrubel.wind-app-assessment-ios";
				PRODUCT_NAME = "$(TARGET_NAME)";
				SUPPORTED_PLATFORMS = "iphoneos iphonesimulator";
				SUPPORTS_MACCATALYST = NO;
				SUPPORTS_MAC_DESIGNED_FOR_IPHONE_IPAD = NO;
				SWIFT_EMIT_LOC_STRINGS = YES;
				SWIFT_VERSION = 5.0;
				TARGETED_DEVICE_FAMILY = 1;
			};
			name = Debug;
		};
		25AAC24529B7B1210018DAB5 /* Release */ = {
			isa = XCBuildConfiguration;
			baseConfigurationReference = 93CC7013F34DA88D391FCE6B /* Pods-Wind App Assessment.release.xcconfig */;
			buildSettings = {
				ASSETCATALOG_COMPILER_APPICON_NAME = AppIcon;
				ASSETCATALOG_COMPILER_GLOBAL_ACCENT_COLOR_NAME = AccentColor;
				CODE_SIGN_STYLE = Automatic;
				CURRENT_PROJECT_VERSION = 1;
				DEVELOPMENT_TEAM = 6256BT5YL5;
				GENERATE_INFOPLIST_FILE = YES;
				INFOPLIST_FILE = "Wind App Assessment/Info.plist";
				INFOPLIST_KEY_CFBundleDisplayName = wind.app;
				INFOPLIST_KEY_LSApplicationCategoryType = "public.app-category.finance";
				INFOPLIST_KEY_UIApplicationSupportsIndirectInputEvents = YES;
				INFOPLIST_KEY_UILaunchStoryboardName = LaunchScreen;
				INFOPLIST_KEY_UISupportedInterfaceOrientations = UIInterfaceOrientationPortrait;
				INFOPLIST_KEY_UISupportedInterfaceOrientations_iPad = "UIInterfaceOrientationLandscapeLeft UIInterfaceOrientationLandscapeRight UIInterfaceOrientationPortrait UIInterfaceOrientationPortraitUpsideDown";
				IPHONEOS_DEPLOYMENT_TARGET = 12.0;
				LD_RUNPATH_SEARCH_PATHS = (
					"$(inherited)",
					"@executable_path/Frameworks",
				);
				MARKETING_VERSION = 1.0;
				PRODUCT_BUNDLE_IDENTIFIER = "net.mdrubel.wind-app-assessment-ios";
				PRODUCT_NAME = "$(TARGET_NAME)";
				SUPPORTED_PLATFORMS = "iphoneos iphonesimulator";
				SUPPORTS_MACCATALYST = NO;
				SUPPORTS_MAC_DESIGNED_FOR_IPHONE_IPAD = NO;
				SWIFT_EMIT_LOC_STRINGS = YES;
				SWIFT_VERSION = 5.0;
				TARGETED_DEVICE_FAMILY = 1;
			};
			name = Release;
		};
/* End XCBuildConfiguration section */

/* Begin XCConfigurationList section */
		25AAC22A29B7B11F0018DAB5 /* Build configuration list for PBXProject "Wind App Assessment" */ = {
			isa = XCConfigurationList;
			buildConfigurations = (
				25AAC24129B7B1210018DAB5 /* Debug */,
				25AAC24229B7B1210018DAB5 /* Release */,
			);
			defaultConfigurationIsVisible = 0;
			defaultConfigurationName = Release;
		};
		25AAC24329B7B1210018DAB5 /* Build configuration list for PBXNativeTarget "Wind App Assessment" */ = {
			isa = XCConfigurationList;
			buildConfigurations = (
				25AAC24429B7B1210018DAB5 /* Debug */,
				25AAC24529B7B1210018DAB5 /* Release */,
			);
			defaultConfigurationIsVisible = 0;
			defaultConfigurationName = Release;
		};
/* End XCConfigurationList section */
	};
	rootObject = 25AAC22729B7B11F0018DAB5 /* Project object */;
}
